// !$*UTF8*$!
{
	archiveVersion = 1;
	classes = {
	};
	objectVersion = 56;
	objects = {

/* Begin PBXBuildFile section */
		1B7125DB2AF8ED0C00E8C3B2 /* HistoireApp.swift in Sources */ = {isa = PBXBuildFile; fileRef = 1B7125DA2AF8ED0C00E8C3B2 /* HistoireApp.swift */; };
		1B7125DD2AF8ED0C00E8C3B2 /* ContentView.swift in Sources */ = {isa = PBXBuildFile; fileRef = 1B7125DC2AF8ED0C00E8C3B2 /* ContentView.swift */; };
		1B7125DF2AF8ED0D00E8C3B2 /* Assets.xcassets in Resources */ = {isa = PBXBuildFile; fileRef = 1B7125DE2AF8ED0D00E8C3B2 /* Assets.xcassets */; };
		1B7125E22AF8ED0D00E8C3B2 /* Preview Assets.xcassets in Resources */ = {isa = PBXBuildFile; fileRef = 1B7125E12AF8ED0D00E8C3B2 /* Preview Assets.xcassets */; };
		1B7125E42AF8ED0D00E8C3B2 /* Persistence.swift in Sources */ = {isa = PBXBuildFile; fileRef = 1B7125E32AF8ED0D00E8C3B2 /* Persistence.swift */; };
		1B7125E72AF8ED0D00E8C3B2 /* Histoire.xcdatamodeld in Sources */ = {isa = PBXBuildFile; fileRef = 1B7125E52AF8ED0D00E8C3B2 /* Histoire.xcdatamodeld */; };
		1B7125F02AF8EE4600E8C3B2 /* Tab.swift in Sources */ = {isa = PBXBuildFile; fileRef = 1B7125EF2AF8EE4600E8C3B2 /* Tab.swift */; };
		1B7125F52AF8EE8A00E8C3B2 /* TabbarView.swift in Sources */ = {isa = PBXBuildFile; fileRef = 1B7125F42AF8EE8A00E8C3B2 /* TabbarView.swift */; };
		1B7125F82AF8EECC00E8C3B2 /* FeedView.swift in Sources */ = {isa = PBXBuildFile; fileRef = 1B7125F72AF8EECC00E8C3B2 /* FeedView.swift */; };
		1B7125FB2AF8EF3300E8C3B2 /* BookView.swift in Sources */ = {isa = PBXBuildFile; fileRef = 1B7125FA2AF8EF3300E8C3B2 /* BookView.swift */; };
		1B7125FE2AF8EF7400E8C3B2 /* ChatView.swift in Sources */ = {isa = PBXBuildFile; fileRef = 1B7125FD2AF8EF7400E8C3B2 /* ChatView.swift */; };
		1B7126032AF8EFC200E8C3B2 /* ProfileView.swift in Sources */ = {isa = PBXBuildFile; fileRef = 1B7126022AF8EFC200E8C3B2 /* ProfileView.swift */; };
/* End PBXBuildFile section */

/* Begin PBXFileReference section */
		1B7125D72AF8ED0C00E8C3B2 /* Histoire.app */ = {isa = PBXFileReference; explicitFileType = wrapper.application; includeInIndex = 0; path = Histoire.app; sourceTree = BUILT_PRODUCTS_DIR; };
		1B7125DA2AF8ED0C00E8C3B2 /* HistoireApp.swift */ = {isa = PBXFileReference; lastKnownFileType = sourcecode.swift; path = HistoireApp.swift; sourceTree = "<group>"; };
		1B7125DC2AF8ED0C00E8C3B2 /* ContentView.swift */ = {isa = PBXFileReference; lastKnownFileType = sourcecode.swift; path = ContentView.swift; sourceTree = "<group>"; };
		1B7125DE2AF8ED0D00E8C3B2 /* Assets.xcassets */ = {isa = PBXFileReference; lastKnownFileType = folder.assetcatalog; path = Assets.xcassets; sourceTree = "<group>"; };
		1B7125E12AF8ED0D00E8C3B2 /* Preview Assets.xcassets */ = {isa = PBXFileReference; lastKnownFileType = folder.assetcatalog; path = "Preview Assets.xcassets"; sourceTree = "<group>"; };
		1B7125E32AF8ED0D00E8C3B2 /* Persistence.swift */ = {isa = PBXFileReference; lastKnownFileType = sourcecode.swift; path = Persistence.swift; sourceTree = "<group>"; };
		1B7125E62AF8ED0D00E8C3B2 /* Histoire.xcdatamodel */ = {isa = PBXFileReference; lastKnownFileType = wrapper.xcdatamodel; path = Histoire.xcdatamodel; sourceTree = "<group>"; };
		1B7125EF2AF8EE4600E8C3B2 /* Tab.swift */ = {isa = PBXFileReference; lastKnownFileType = sourcecode.swift; path = Tab.swift; sourceTree = "<group>"; };
		1B7125F42AF8EE8A00E8C3B2 /* TabbarView.swift */ = {isa = PBXFileReference; lastKnownFileType = sourcecode.swift; path = TabbarView.swift; sourceTree = "<group>"; };
		1B7125F72AF8EECC00E8C3B2 /* FeedView.swift */ = {isa = PBXFileReference; lastKnownFileType = sourcecode.swift; path = FeedView.swift; sourceTree = "<group>"; };
		1B7125FA2AF8EF3300E8C3B2 /* BookView.swift */ = {isa = PBXFileReference; lastKnownFileType = sourcecode.swift; path = BookView.swift; sourceTree = "<group>"; };
		1B7125FD2AF8EF7400E8C3B2 /* ChatView.swift */ = {isa = PBXFileReference; lastKnownFileType = sourcecode.swift; path = ChatView.swift; sourceTree = "<group>"; };
		1B7126022AF8EFC200E8C3B2 /* ProfileView.swift */ = {isa = PBXFileReference; lastKnownFileType = sourcecode.swift; path = ProfileView.swift; sourceTree = "<group>"; };
/* End PBXFileReference section */

/* Begin PBXFrameworksBuildPhase section */
		1B7125D42AF8ED0C00E8C3B2 /* Frameworks */ = {
			isa = PBXFrameworksBuildPhase;
			buildActionMask = 2147483647;
			files = (
			);
			runOnlyForDeploymentPostprocessing = 0;
		};
/* End PBXFrameworksBuildPhase section */

/* Begin PBXGroup section */
		1B7125CE2AF8ED0B00E8C3B2 = {
			isa = PBXGroup;
			children = (
				1B7125D92AF8ED0C00E8C3B2 /* Histoire */,
				1B7125D82AF8ED0C00E8C3B2 /* Products */,
			);
			sourceTree = "<group>";
		};
		1B7125D82AF8ED0C00E8C3B2 /* Products */ = {
			isa = PBXGroup;
			children = (
				1B7125D72AF8ED0C00E8C3B2 /* Histoire.app */,
			);
			name = Products;
			sourceTree = "<group>";
		};
		1B7125D92AF8ED0C00E8C3B2 /* Histoire */ = {
			isa = PBXGroup;
			children = (
				1B7125ED2AF8EE3100E8C3B2 /* Model */,
				1B7125F12AF8EE5E00E8C3B2 /* View */,
				1B7125DA2AF8ED0C00E8C3B2 /* HistoireApp.swift */,
				1B7125DC2AF8ED0C00E8C3B2 /* ContentView.swift */,
				1B7125DE2AF8ED0D00E8C3B2 /* Assets.xcassets */,
				1B7125E32AF8ED0D00E8C3B2 /* Persistence.swift */,
				1B7125E52AF8ED0D00E8C3B2 /* Histoire.xcdatamodeld */,
				1B7125E02AF8ED0D00E8C3B2 /* Preview Content */,
			);
			path = Histoire;
			sourceTree = "<group>";
		};
		1B7125E02AF8ED0D00E8C3B2 /* Preview Content */ = {
			isa = PBXGroup;
			children = (
				1B7125E12AF8ED0D00E8C3B2 /* Preview Assets.xcassets */,
			);
			path = "Preview Content";
			sourceTree = "<group>";
		};
		1B7125ED2AF8EE3100E8C3B2 /* Model */ = {
			isa = PBXGroup;
			children = (
				1B7125EE2AF8EE3D00E8C3B2 /* Tab */,
			);
			path = Model;
			sourceTree = "<group>";
		};
		1B7125EE2AF8EE3D00E8C3B2 /* Tab */ = {
			isa = PBXGroup;
			children = (
				1B7125EF2AF8EE4600E8C3B2 /* Tab.swift */,
			);
			path = Tab;
			sourceTree = "<group>";
		};
		1B7125F12AF8EE5E00E8C3B2 /* View */ = {
			isa = PBXGroup;
			children = (
				1B7125F62AF8EEB100E8C3B2 /* Feed */,
				1B7125F92AF8EF0C00E8C3B2 /* Book */,
				1B7125FC2AF8EF5C00E8C3B2 /* Chat */,
				1B7126012AF8EFA800E8C3B2 /* Profile */,
				1B7125F22AF8EE7200E8C3B2 /* Tab */,
			);
			path = View;
			sourceTree = "<group>";
		};
		1B7125F22AF8EE7200E8C3B2 /* Tab */ = {
			isa = PBXGroup;
			children = (
				1B7125F42AF8EE8A00E8C3B2 /* TabbarView.swift */,
			);
			path = Tab;
			sourceTree = "<group>";
		};
		1B7125F62AF8EEB100E8C3B2 /* Feed */ = {
			isa = PBXGroup;
			children = (
				1B7125F72AF8EECC00E8C3B2 /* FeedView.swift */,
			);
			path = Feed;
			sourceTree = "<group>";
		};
		1B7125F92AF8EF0C00E8C3B2 /* Book */ = {
			isa = PBXGroup;
			children = (
				1B7125FA2AF8EF3300E8C3B2 /* BookView.swift */,
			);
			path = Book;
			sourceTree = "<group>";
		};
		1B7125FC2AF8EF5C00E8C3B2 /* Chat */ = {
			isa = PBXGroup;
			children = (
				1B7125FD2AF8EF7400E8C3B2 /* ChatView.swift */,
			);
			path = Chat;
			sourceTree = "<group>";
		};
		1B7126012AF8EFA800E8C3B2 /* Profile */ = {
			isa = PBXGroup;
			children = (
				1B7126022AF8EFC200E8C3B2 /* ProfileView.swift */,
			);
			path = Profile;
			sourceTree = "<group>";
		};
/* End PBXGroup section */

/* Begin PBXNativeTarget section */
		1B7125D62AF8ED0C00E8C3B2 /* Histoire */ = {
			isa = PBXNativeTarget;
			buildConfigurationList = 1B7125EA2AF8ED0D00E8C3B2 /* Build configuration list for PBXNativeTarget "Histoire" */;
			buildPhases = (
				1B7125D32AF8ED0C00E8C3B2 /* Sources */,
				1B7125D42AF8ED0C00E8C3B2 /* Frameworks */,
				1B7125D52AF8ED0C00E8C3B2 /* Resources */,
			);
			buildRules = (
			);
			dependencies = (
			);
			name = Histoire;
			productName = Histoire;
			productReference = 1B7125D72AF8ED0C00E8C3B2 /* Histoire.app */;
			productType = "com.apple.product-type.application";
		};
/* End PBXNativeTarget section */

/* Begin PBXProject section */
		1B7125CF2AF8ED0B00E8C3B2 /* Project object */ = {
			isa = PBXProject;
			attributes = {
				BuildIndependentTargetsInParallel = 1;
				LastSwiftUpdateCheck = 1500;
				LastUpgradeCheck = 1500;
				TargetAttributes = {
					1B7125D62AF8ED0C00E8C3B2 = {
						CreatedOnToolsVersion = 15.0.1;
					};
				};
			};
			buildConfigurationList = 1B7125D22AF8ED0B00E8C3B2 /* Build configuration list for PBXProject "Histoire" */;
			compatibilityVersion = "Xcode 14.0";
			developmentRegion = en;
			hasScannedForEncodings = 0;
			knownRegions = (
				en,
				Base,
			);
			mainGroup = 1B7125CE2AF8ED0B00E8C3B2;
			productRefGroup = 1B7125D82AF8ED0C00E8C3B2 /* Products */;
			projectDirPath = "";
			projectRoot = "";
			targets = (
				1B7125D62AF8ED0C00E8C3B2 /* Histoire */,
			);
		};
/* End PBXProject section */

/* Begin PBXResourcesBuildPhase section */
		1B7125D52AF8ED0C00E8C3B2 /* Resources */ = {
			isa = PBXResourcesBuildPhase;
			buildActionMask = 2147483647;
			files = (
				1B7125E22AF8ED0D00E8C3B2 /* Preview Assets.xcassets in Resources */,
				1B7125DF2AF8ED0D00E8C3B2 /* Assets.xcassets in Resources */,
			);
			runOnlyForDeploymentPostprocessing = 0;
		};
/* End PBXResourcesBuildPhase section */

/* Begin PBXSourcesBuildPhase section */
		1B7125D32AF8ED0C00E8C3B2 /* Sources */ = {
			isa = PBXSourcesBuildPhase;
			buildActionMask = 2147483647;
			files = (
				1B7125F82AF8EECC00E8C3B2 /* FeedView.swift in Sources */,
				1B7125E72AF8ED0D00E8C3B2 /* Histoire.xcdatamodeld in Sources */,
				1B7126032AF8EFC200E8C3B2 /* ProfileView.swift in Sources */,
				1B7125FB2AF8EF3300E8C3B2 /* BookView.swift in Sources */,
				1B7125E42AF8ED0D00E8C3B2 /* Persistence.swift in Sources */,
				1B7125FE2AF8EF7400E8C3B2 /* ChatView.swift in Sources */,
				1B7125DD2AF8ED0C00E8C3B2 /* ContentView.swift in Sources */,
				1B7125DB2AF8ED0C00E8C3B2 /* HistoireApp.swift in Sources */,
				1B7125F52AF8EE8A00E8C3B2 /* TabbarView.swift in Sources */,
				1B7125F02AF8EE4600E8C3B2 /* Tab.swift in Sources */,
			);
			runOnlyForDeploymentPostprocessing = 0;
		};
/* End PBXSourcesBuildPhase section */

/* Begin XCBuildConfiguration section */
		1B7125E82AF8ED0D00E8C3B2 /* Debug */ = {
			isa = XCBuildConfiguration;
			buildSettings = {
				ALWAYS_SEARCH_USER_PATHS = NO;
				ASSETCATALOG_COMPILER_GENERATE_SWIFT_ASSET_SYMBOL_EXTENSIONS = YES;
				CLANG_ANALYZER_NONNULL = YES;
				CLANG_ANALYZER_NUMBER_OBJECT_CONVERSION = YES_AGGRESSIVE;
				CLANG_CXX_LANGUAGE_STANDARD = "gnu++20";
				CLANG_ENABLE_MODULES = YES;
				CLANG_ENABLE_OBJC_ARC = YES;
				CLANG_ENABLE_OBJC_WEAK = YES;
				CLANG_WARN_BLOCK_CAPTURE_AUTORELEASING = YES;
				CLANG_WARN_BOOL_CONVERSION = YES;
				CLANG_WARN_COMMA = YES;
				CLANG_WARN_CONSTANT_CONVERSION = YES;
				CLANG_WARN_DEPRECATED_OBJC_IMPLEMENTATIONS = YES;
				CLANG_WARN_DIRECT_OBJC_ISA_USAGE = YES_ERROR;
				CLANG_WARN_DOCUMENTATION_COMMENTS = YES;
				CLANG_WARN_EMPTY_BODY = YES;
				CLANG_WARN_ENUM_CONVERSION = YES;
				CLANG_WARN_INFINITE_RECURSION = YES;
				CLANG_WARN_INT_CONVERSION = YES;
				CLANG_WARN_NON_LITERAL_NULL_CONVERSION = YES;
				CLANG_WARN_OBJC_IMPLICIT_RETAIN_SELF = YES;
				CLANG_WARN_OBJC_LITERAL_CONVERSION = YES;
				CLANG_WARN_OBJC_ROOT_CLASS = YES_ERROR;
				CLANG_WARN_QUOTED_INCLUDE_IN_FRAMEWORK_HEADER = YES;
				CLANG_WARN_RANGE_LOOP_ANALYSIS = YES;
				CLANG_WARN_STRICT_PROTOTYPES = YES;
				CLANG_WARN_SUSPICIOUS_MOVE = YES;
				CLANG_WARN_UNGUARDED_AVAILABILITY = YES_AGGRESSIVE;
				CLANG_WARN_UNREACHABLE_CODE = YES;
				CLANG_WARN__DUPLICATE_METHOD_MATCH = YES;
				COPY_PHASE_STRIP = NO;
				DEBUG_INFORMATION_FORMAT = dwarf;
				ENABLE_STRICT_OBJC_MSGSEND = YES;
				ENABLE_TESTABILITY = YES;
				ENABLE_USER_SCRIPT_SANDBOXING = YES;
				GCC_C_LANGUAGE_STANDARD = gnu17;
				GCC_DYNAMIC_NO_PIC = NO;
				GCC_NO_COMMON_BLOCKS = YES;
				GCC_OPTIMIZATION_LEVEL = 0;
				GCC_PREPROCESSOR_DEFINITIONS = (
					"DEBUG=1",
					"$(inherited)",
				);
				GCC_WARN_64_TO_32_BIT_CONVERSION = YES;
				GCC_WARN_ABOUT_RETURN_TYPE = YES_ERROR;
				GCC_WARN_UNDECLARED_SELECTOR = YES;
				GCC_WARN_UNINITIALIZED_AUTOS = YES_AGGRESSIVE;
				GCC_WARN_UNUSED_FUNCTION = YES;
				GCC_WARN_UNUSED_VARIABLE = YES;
				IPHONEOS_DEPLOYMENT_TARGET = 17.0;
				LOCALIZATION_PREFERS_STRING_CATALOGS = YES;
				MTL_ENABLE_DEBUG_INFO = INCLUDE_SOURCE;
				MTL_FAST_MATH = YES;
				ONLY_ACTIVE_ARCH = YES;
				SDKROOT = iphoneos;
				SWIFT_ACTIVE_COMPILATION_CONDITIONS = "DEBUG $(inherited)";
				SWIFT_OPTIMIZATION_LEVEL = "-Onone";
			};
			name = Debug;
		};
		1B7125E92AF8ED0D00E8C3B2 /* Release */ = {
			isa = XCBuildConfiguration;
			buildSettings = {
				ALWAYS_SEARCH_USER_PATHS = NO;
				ASSETCATALOG_COMPILER_GENERATE_SWIFT_ASSET_SYMBOL_EXTENSIONS = YES;
				CLANG_ANALYZER_NONNULL = YES;
				CLANG_ANALYZER_NUMBER_OBJECT_CONVERSION = YES_AGGRESSIVE;
				CLANG_CXX_LANGUAGE_STANDARD = "gnu++20";
				CLANG_ENABLE_MODULES = YES;
				CLANG_ENABLE_OBJC_ARC = YES;
				CLANG_ENABLE_OBJC_WEAK = YES;
				CLANG_WARN_BLOCK_CAPTURE_AUTORELEASING = YES;
				CLANG_WARN_BOOL_CONVERSION = YES;
				CLANG_WARN_COMMA = YES;
				CLANG_WARN_CONSTANT_CONVERSION = YES;
				CLANG_WARN_DEPRECATED_OBJC_IMPLEMENTATIONS = YES;
				CLANG_WARN_DIRECT_OBJC_ISA_USAGE = YES_ERROR;
				CLANG_WARN_DOCUMENTATION_COMMENTS = YES;
				CLANG_WARN_EMPTY_BODY = YES;
				CLANG_WARN_ENUM_CONVERSION = YES;
				CLANG_WARN_INFINITE_RECURSION = YES;
				CLANG_WARN_INT_CONVERSION = YES;
				CLANG_WARN_NON_LITERAL_NULL_CONVERSION = YES;
				CLANG_WARN_OBJC_IMPLICIT_RETAIN_SELF = YES;
				CLANG_WARN_OBJC_LITERAL_CONVERSION = YES;
				CLANG_WARN_OBJC_ROOT_CLASS = YES_ERROR;
				CLANG_WARN_QUOTED_INCLUDE_IN_FRAMEWORK_HEADER = YES;
				CLANG_WARN_RANGE_LOOP_ANALYSIS = YES;
				CLANG_WARN_STRICT_PROTOTYPES = YES;
				CLANG_WARN_SUSPICIOUS_MOVE = YES;
				CLANG_WARN_UNGUARDED_AVAILABILITY = YES_AGGRESSIVE;
				CLANG_WARN_UNREACHABLE_CODE = YES;
				CLANG_WARN__DUPLICATE_METHOD_MATCH = YES;
				COPY_PHASE_STRIP = NO;
				DEBUG_INFORMATION_FORMAT = "dwarf-with-dsym";
				ENABLE_NS_ASSERTIONS = NO;
				ENABLE_STRICT_OBJC_MSGSEND = YES;
				ENABLE_USER_SCRIPT_SANDBOXING = YES;
				GCC_C_LANGUAGE_STANDARD = gnu17;
				GCC_NO_COMMON_BLOCKS = YES;
				GCC_WARN_64_TO_32_BIT_CONVERSION = YES;
				GCC_WARN_ABOUT_RETURN_TYPE = YES_ERROR;
				GCC_WARN_UNDECLARED_SELECTOR = YES;
				GCC_WARN_UNINITIALIZED_AUTOS = YES_AGGRESSIVE;
				GCC_WARN_UNUSED_FUNCTION = YES;
				GCC_WARN_UNUSED_VARIABLE = YES;
				IPHONEOS_DEPLOYMENT_TARGET = 17.0;
				LOCALIZATION_PREFERS_STRING_CATALOGS = YES;
				MTL_ENABLE_DEBUG_INFO = NO;
				MTL_FAST_MATH = YES;
				SDKROOT = iphoneos;
				SWIFT_COMPILATION_MODE = wholemodule;
				VALIDATE_PRODUCT = YES;
			};
			name = Release;
		};
		1B7125EB2AF8ED0D00E8C3B2 /* Debug */ = {
			isa = XCBuildConfiguration;
			buildSettings = {
				ASSETCATALOG_COMPILER_APPICON_NAME = AppIcon;
				ASSETCATALOG_COMPILER_GLOBAL_ACCENT_COLOR_NAME = AccentColor;
				CODE_SIGN_STYLE = Automatic;
				CURRENT_PROJECT_VERSION = 1;
				DEVELOPMENT_ASSET_PATHS = "\"Histoire/Preview Content\"";
				ENABLE_PREVIEWS = YES;
				GENERATE_INFOPLIST_FILE = YES;
				INFOPLIST_KEY_UIApplicationSceneManifest_Generation = YES;
				INFOPLIST_KEY_UIApplicationSupportsIndirectInputEvents = YES;
				INFOPLIST_KEY_UILaunchScreen_Generation = YES;
				INFOPLIST_KEY_UISupportedInterfaceOrientations_iPad = "UIInterfaceOrientationPortrait UIInterfaceOrientationPortraitUpsideDown UIInterfaceOrientationLandscapeLeft UIInterfaceOrientationLandscapeRight";
				INFOPLIST_KEY_UISupportedInterfaceOrientations_iPhone = "UIInterfaceOrientationPortrait UIInterfaceOrientationLandscapeLeft UIInterfaceOrientationLandscapeRight";
				LD_RUNPATH_SEARCH_PATHS = (
					"$(inherited)",
					"@executable_path/Frameworks",
				);
				MARKETING_VERSION = 1.0;
				PRODUCT_BUNDLE_IDENTIFIER = cherin.Histoire;
				PRODUCT_NAME = "$(TARGET_NAME)";
				SWIFT_EMIT_LOC_STRINGS = YES;
				SWIFT_VERSION = 5.0;
				TARGETED_DEVICE_FAMILY = "1,2";
			};
			name = Debug;
		};
		1B7125EC2AF8ED0D00E8C3B2 /* Release */ = {
			isa = XCBuildConfiguration;
			buildSettings = {
				ASSETCATALOG_COMPILER_APPICON_NAME = AppIcon;
				ASSETCATALOG_COMPILER_GLOBAL_ACCENT_COLOR_NAME = AccentColor;
				CODE_SIGN_STYLE = Automatic;
				CURRENT_PROJECT_VERSION = 1;
				DEVELOPMENT_ASSET_PATHS = "\"Histoire/Preview Content\"";
				ENABLE_PREVIEWS = YES;
				GENERATE_INFOPLIST_FILE = YES;
				INFOPLIST_KEY_UIApplicationSceneManifest_Generation = YES;
				INFOPLIST_KEY_UIApplicationSupportsIndirectInputEvents = YES;
				INFOPLIST_KEY_UILaunchScreen_Generation = YES;
				INFOPLIST_KEY_UISupportedInterfaceOrientations_iPad = "UIInterfaceOrientationPortrait UIInterfaceOrientationPortraitUpsideDown UIInterfaceOrientationLandscapeLeft UIInterfaceOrientationLandscapeRight";
				INFOPLIST_KEY_UISupportedInterfaceOrientations_iPhone = "UIInterfaceOrientationPortrait UIInterfaceOrientationLandscapeLeft UIInterfaceOrientationLandscapeRight";
				LD_RUNPATH_SEARCH_PATHS = (
					"$(inherited)",
					"@executable_path/Frameworks",
				);
				MARKETING_VERSION = 1.0;
				PRODUCT_BUNDLE_IDENTIFIER = cherin.Histoire;
				PRODUCT_NAME = "$(TARGET_NAME)";
				SWIFT_EMIT_LOC_STRINGS = YES;
				SWIFT_VERSION = 5.0;
				TARGETED_DEVICE_FAMILY = "1,2";
			};
			name = Release;
		};
/* End XCBuildConfiguration section */

/* Begin XCConfigurationList section */
		1B7125D22AF8ED0B00E8C3B2 /* Build configuration list for PBXProject "Histoire" */ = {
			isa = XCConfigurationList;
			buildConfigurations = (
				1B7125E82AF8ED0D00E8C3B2 /* Debug */,
				1B7125E92AF8ED0D00E8C3B2 /* Release */,
			);
			defaultConfigurationIsVisible = 0;
			defaultConfigurationName = Release;
		};
		1B7125EA2AF8ED0D00E8C3B2 /* Build configuration list for PBXNativeTarget "Histoire" */ = {
			isa = XCConfigurationList;
			buildConfigurations = (
				1B7125EB2AF8ED0D00E8C3B2 /* Debug */,
				1B7125EC2AF8ED0D00E8C3B2 /* Release */,
			);
			defaultConfigurationIsVisible = 0;
			defaultConfigurationName = Release;
		};
/* End XCConfigurationList section */

/* Begin XCVersionGroup section */
		1B7125E52AF8ED0D00E8C3B2 /* Histoire.xcdatamodeld */ = {
			isa = XCVersionGroup;
			children = (
				1B7125E62AF8ED0D00E8C3B2 /* Histoire.xcdatamodel */,
			);
			currentVersion = 1B7125E62AF8ED0D00E8C3B2 /* Histoire.xcdatamodel */;
			path = Histoire.xcdatamodeld;
			sourceTree = "<group>";
			versionGroupType = wrapper.xcdatamodel;
		};
/* End XCVersionGroup section */
	};
	rootObject = 1B7125CF2AF8ED0B00E8C3B2 /* Project object */;
}
