// !$*UTF8*$!
{
	archiveVersion = 1;
	classes = {
	};
	objectVersion = 56;
	objects = {

/* Begin PBXBuildFile section */
		1B4D5B752ADD5EE100961462 /* histoireApp.swift in Sources */ = {isa = PBXBuildFile; fileRef = 1B4D5B742ADD5EE100961462 /* histoireApp.swift */; };
		1B4D5B772ADD5EE100961462 /* ContentView.swift in Sources */ = {isa = PBXBuildFile; fileRef = 1B4D5B762ADD5EE100961462 /* ContentView.swift */; };
		1B4D5B792ADD5EE200961462 /* Assets.xcassets in Resources */ = {isa = PBXBuildFile; fileRef = 1B4D5B782ADD5EE200961462 /* Assets.xcassets */; };
		1B4D5B7C2ADD5EE200961462 /* Preview Assets.xcassets in Resources */ = {isa = PBXBuildFile; fileRef = 1B4D5B7B2ADD5EE200961462 /* Preview Assets.xcassets */; };
		1B4D5B7E2ADD5EE200961462 /* Persistence.swift in Sources */ = {isa = PBXBuildFile; fileRef = 1B4D5B7D2ADD5EE200961462 /* Persistence.swift */; };
		1B4D5B812ADD5EE200961462 /* histoire.xcdatamodeld in Sources */ = {isa = PBXBuildFile; fileRef = 1B4D5B7F2ADD5EE200961462 /* histoire.xcdatamodeld */; };
		1B4D5B8A2ADD61C300961462 /* Tab.swift in Sources */ = {isa = PBXBuildFile; fileRef = 1B4D5B892ADD61C300961462 /* Tab.swift */; };
		1B4D5B8C2ADD666A00961462 /* TabbarView.swift in Sources */ = {isa = PBXBuildFile; fileRef = 1B4D5B8B2ADD666A00961462 /* TabbarView.swift */; };
		1B75E0742AF149CC0037D428 /* HomeView.swift in Sources */ = {isa = PBXBuildFile; fileRef = 1B75E0732AF149CC0037D428 /* HomeView.swift */; };
		1B75E07D2AF14FB60037D428 /* ChatView.swift in Sources */ = {isa = PBXBuildFile; fileRef = 1B75E07C2AF14FB60037D428 /* ChatView.swift */; };
		1B75E0832AF167E80037D428 /* ProfileView.swift in Sources */ = {isa = PBXBuildFile; fileRef = 1B75E0822AF167E80037D428 /* ProfileView.swift */; };
		1B90839D2AEFE5E100BD242E /* TabShape.swift in Sources */ = {isa = PBXBuildFile; fileRef = 1B90839C2AEFE5E100BD242E /* TabShape.swift */; };
		1B90839F2AEFE94400BD242E /* TabPosition.swift in Sources */ = {isa = PBXBuildFile; fileRef = 1B90839E2AEFE94400BD242E /* TabPosition.swift */; };
/* End PBXBuildFile section */

/* Begin PBXFileReference section */
		1B4D5B712ADD5EE100961462 /* histoire.app */ = {isa = PBXFileReference; explicitFileType = wrapper.application; includeInIndex = 0; path = histoire.app; sourceTree = BUILT_PRODUCTS_DIR; };
		1B4D5B742ADD5EE100961462 /* histoireApp.swift */ = {isa = PBXFileReference; lastKnownFileType = sourcecode.swift; path = histoireApp.swift; sourceTree = "<group>"; };
		1B4D5B762ADD5EE100961462 /* ContentView.swift */ = {isa = PBXFileReference; lastKnownFileType = sourcecode.swift; path = ContentView.swift; sourceTree = "<group>"; };
		1B4D5B782ADD5EE200961462 /* Assets.xcassets */ = {isa = PBXFileReference; lastKnownFileType = folder.assetcatalog; path = Assets.xcassets; sourceTree = "<group>"; };
		1B4D5B7B2ADD5EE200961462 /* Preview Assets.xcassets */ = {isa = PBXFileReference; lastKnownFileType = folder.assetcatalog; path = "Preview Assets.xcassets"; sourceTree = "<group>"; };
		1B4D5B7D2ADD5EE200961462 /* Persistence.swift */ = {isa = PBXFileReference; lastKnownFileType = sourcecode.swift; path = Persistence.swift; sourceTree = "<group>"; };
		1B4D5B802ADD5EE200961462 /* histoire.xcdatamodel */ = {isa = PBXFileReference; lastKnownFileType = wrapper.xcdatamodel; path = histoire.xcdatamodel; sourceTree = "<group>"; };
		1B4D5B892ADD61C300961462 /* Tab.swift */ = {isa = PBXFileReference; lastKnownFileType = sourcecode.swift; path = Tab.swift; sourceTree = "<group>"; };
		1B4D5B8B2ADD666A00961462 /* TabbarView.swift */ = {isa = PBXFileReference; lastKnownFileType = sourcecode.swift; path = TabbarView.swift; sourceTree = "<group>"; };
		1B75E0732AF149CC0037D428 /* HomeView.swift */ = {isa = PBXFileReference; lastKnownFileType = sourcecode.swift; path = HomeView.swift; sourceTree = "<group>"; };
		1B75E07C2AF14FB60037D428 /* ChatView.swift */ = {isa = PBXFileReference; lastKnownFileType = sourcecode.swift; path = ChatView.swift; sourceTree = "<group>"; };
		1B75E0822AF167E80037D428 /* ProfileView.swift */ = {isa = PBXFileReference; lastKnownFileType = sourcecode.swift; path = ProfileView.swift; sourceTree = "<group>"; };
		1B90839C2AEFE5E100BD242E /* TabShape.swift */ = {isa = PBXFileReference; lastKnownFileType = sourcecode.swift; path = TabShape.swift; sourceTree = "<group>"; };
		1B90839E2AEFE94400BD242E /* TabPosition.swift */ = {isa = PBXFileReference; lastKnownFileType = sourcecode.swift; path = TabPosition.swift; sourceTree = "<group>"; };
/* End PBXFileReference section */

/* Begin PBXFrameworksBuildPhase section */
		1B4D5B6E2ADD5EE100961462 /* Frameworks */ = {
			isa = PBXFrameworksBuildPhase;
			buildActionMask = 2147483647;
			files = (
			);
			runOnlyForDeploymentPostprocessing = 0;
		};
/* End PBXFrameworksBuildPhase section */

/* Begin PBXGroup section */
		1B4D5B682ADD5EE100961462 = {
			isa = PBXGroup;
			children = (
				1B4D5B732ADD5EE100961462 /* histoire */,
				1B4D5B722ADD5EE100961462 /* Products */,
			);
			sourceTree = "<group>";
		};
		1B4D5B722ADD5EE100961462 /* Products */ = {
			isa = PBXGroup;
			children = (
				1B4D5B712ADD5EE100961462 /* histoire.app */,
			);
			name = Products;
			sourceTree = "<group>";
		};
		1B4D5B732ADD5EE100961462 /* histoire */ = {
			isa = PBXGroup;
			children = (
				1B4D5B872ADD619B00961462 /* Model */,
				1B4D5B882ADD61B000961462 /* View */,
				1B4D5B742ADD5EE100961462 /* histoireApp.swift */,
				1B4D5B762ADD5EE100961462 /* ContentView.swift */,
				1B4D5B7D2ADD5EE200961462 /* Persistence.swift */,
				1B4D5B7F2ADD5EE200961462 /* histoire.xcdatamodeld */,
				1B4D5B782ADD5EE200961462 /* Assets.xcassets */,
				1B4D5B7A2ADD5EE200961462 /* Preview Content */,
			);
			path = histoire;
			sourceTree = "<group>";
		};
		1B4D5B7A2ADD5EE200961462 /* Preview Content */ = {
			isa = PBXGroup;
			children = (
				1B4D5B7B2ADD5EE200961462 /* Preview Assets.xcassets */,
			);
			path = "Preview Content";
			sourceTree = "<group>";
		};
		1B4D5B872ADD619B00961462 /* Model */ = {
			isa = PBXGroup;
			children = (
				1B9083A32AEFF5BE00BD242E /* Tab */,
			);
			path = Model;
			sourceTree = "<group>";
		};
		1B4D5B882ADD61B000961462 /* View */ = {
			isa = PBXGroup;
			children = (
				1B75E07B2AF14FA10037D428 /* Chat */,
				1B75E0722AF149AF0037D428 /* Home */,
				1B75E0812AF167D40037D428 /* Profile */,
				1B9083A02AEFF59300BD242E /* Tab */,
			);
			path = View;
			sourceTree = "<group>";
		};
		1B75E0722AF149AF0037D428 /* Home */ = {
			isa = PBXGroup;
			children = (
				1B75E0732AF149CC0037D428 /* HomeView.swift */,
			);
			path = Home;
			sourceTree = "<group>";
		};
		1B75E07B2AF14FA10037D428 /* Chat */ = {
			isa = PBXGroup;
			children = (
				1B75E07C2AF14FB60037D428 /* ChatView.swift */,
			);
			path = Chat;
			sourceTree = "<group>";
		};
		1B75E0812AF167D40037D428 /* Profile */ = {
			isa = PBXGroup;
			children = (
				1B75E0822AF167E80037D428 /* ProfileView.swift */,
			);
			path = Profile;
			sourceTree = "<group>";
		};
		1B9083A02AEFF59300BD242E /* Tab */ = {
			isa = PBXGroup;
			children = (
				1B90839E2AEFE94400BD242E /* TabPosition.swift */,
				1B90839C2AEFE5E100BD242E /* TabShape.swift */,
				1B4D5B8B2ADD666A00961462 /* TabbarView.swift */,
			);
			path = Tab;
			sourceTree = "<group>";
		};
		1B9083A32AEFF5BE00BD242E /* Tab */ = {
			isa = PBXGroup;
			children = (
				1B4D5B892ADD61C300961462 /* Tab.swift */,
			);
			path = Tab;
			sourceTree = "<group>";
		};
/* End PBXGroup section */

/* Begin PBXNativeTarget section */
		1B4D5B702ADD5EE100961462 /* histoire */ = {
			isa = PBXNativeTarget;
			buildConfigurationList = 1B4D5B842ADD5EE200961462 /* Build configuration list for PBXNativeTarget "histoire" */;
			buildPhases = (
				1B4D5B6D2ADD5EE100961462 /* Sources */,
				1B4D5B6E2ADD5EE100961462 /* Frameworks */,
				1B4D5B6F2ADD5EE100961462 /* Resources */,
			);
			buildRules = (
			);
			dependencies = (
			);
			name = histoire;
			productName = histoire;
			productReference = 1B4D5B712ADD5EE100961462 /* histoire.app */;
			productType = "com.apple.product-type.application";
		};
/* End PBXNativeTarget section */

/* Begin PBXProject section */
		1B4D5B692ADD5EE100961462 /* Project object */ = {
			isa = PBXProject;
			attributes = {
				BuildIndependentTargetsInParallel = 1;
				LastSwiftUpdateCheck = 1500;
				LastUpgradeCheck = 1500;
				TargetAttributes = {
					1B4D5B702ADD5EE100961462 = {
						CreatedOnToolsVersion = 15.0;
					};
				};
			};
			buildConfigurationList = 1B4D5B6C2ADD5EE100961462 /* Build configuration list for PBXProject "histoire" */;
			compatibilityVersion = "Xcode 14.0";
			developmentRegion = en;
			hasScannedForEncodings = 0;
			knownRegions = (
				en,
				Base,
			);
			mainGroup = 1B4D5B682ADD5EE100961462;
			productRefGroup = 1B4D5B722ADD5EE100961462 /* Products */;
			projectDirPath = "";
			projectRoot = "";
			targets = (
				1B4D5B702ADD5EE100961462 /* histoire */,
			);
		};
/* End PBXProject section */

/* Begin PBXResourcesBuildPhase section */
		1B4D5B6F2ADD5EE100961462 /* Resources */ = {
			isa = PBXResourcesBuildPhase;
			buildActionMask = 2147483647;
			files = (
				1B4D5B7C2ADD5EE200961462 /* Preview Assets.xcassets in Resources */,
				1B4D5B792ADD5EE200961462 /* Assets.xcassets in Resources */,
			);
			runOnlyForDeploymentPostprocessing = 0;
		};
/* End PBXResourcesBuildPhase section */

/* Begin PBXSourcesBuildPhase section */
		1B4D5B6D2ADD5EE100961462 /* Sources */ = {
			isa = PBXSourcesBuildPhase;
			buildActionMask = 2147483647;
			files = (
				1B75E0832AF167E80037D428 /* ProfileView.swift in Sources */,
				1B75E0742AF149CC0037D428 /* HomeView.swift in Sources */,
				1B90839F2AEFE94400BD242E /* TabPosition.swift in Sources */,
				1B4D5B812ADD5EE200961462 /* histoire.xcdatamodeld in Sources */,
				1B4D5B8C2ADD666A00961462 /* TabbarView.swift in Sources */,
				1B4D5B7E2ADD5EE200961462 /* Persistence.swift in Sources */,
				1B4D5B8A2ADD61C300961462 /* Tab.swift in Sources */,
				1B4D5B772ADD5EE100961462 /* ContentView.swift in Sources */,
				1B4D5B752ADD5EE100961462 /* histoireApp.swift in Sources */,
				1B90839D2AEFE5E100BD242E /* TabShape.swift in Sources */,
				1B75E07D2AF14FB60037D428 /* ChatView.swift in Sources */,
			);
			runOnlyForDeploymentPostprocessing = 0;
		};
/* End PBXSourcesBuildPhase section */

/* Begin XCBuildConfiguration section */
		1B4D5B822ADD5EE200961462 /* Debug */ = {
			isa = XCBuildConfiguration;
			buildSettings = {
				ALWAYS_SEARCH_USER_PATHS = NO;
				ASSETCATALOG_COMPILER_GENERATE_SWIFT_ASSET_SYMBOL_EXTENSIONS = YES;
				CLANG_ANALYZER_NONNULL = YES;
				CLANG_ANALYZER_NUMBER_OBJECT_CONVERSION = YES_AGGRESSIVE;
				CLANG_CXX_LANGUAGE_STANDARD = "gnu++20";
				CLANG_ENABLE_MODULES = YES;
				CLANG_ENABLE_OBJC_ARC = YES;
				CLANG_ENABLE_OBJC_WEAK = YES;
				CLANG_WARN_BLOCK_CAPTURE_AUTORELEASING = YES;
				CLANG_WARN_BOOL_CONVERSION = YES;
				CLANG_WARN_COMMA = YES;
				CLANG_WARN_CONSTANT_CONVERSION = YES;
				CLANG_WARN_DEPRECATED_OBJC_IMPLEMENTATIONS = YES;
				CLANG_WARN_DIRECT_OBJC_ISA_USAGE = YES_ERROR;
				CLANG_WARN_DOCUMENTATION_COMMENTS = YES;
				CLANG_WARN_EMPTY_BODY = YES;
				CLANG_WARN_ENUM_CONVERSION = YES;
				CLANG_WARN_INFINITE_RECURSION = YES;
				CLANG_WARN_INT_CONVERSION = YES;
				CLANG_WARN_NON_LITERAL_NULL_CONVERSION = YES;
				CLANG_WARN_OBJC_IMPLICIT_RETAIN_SELF = YES;
				CLANG_WARN_OBJC_LITERAL_CONVERSION = YES;
				CLANG_WARN_OBJC_ROOT_CLASS = YES_ERROR;
				CLANG_WARN_QUOTED_INCLUDE_IN_FRAMEWORK_HEADER = YES;
				CLANG_WARN_RANGE_LOOP_ANALYSIS = YES;
				CLANG_WARN_STRICT_PROTOTYPES = YES;
				CLANG_WARN_SUSPICIOUS_MOVE = YES;
				CLANG_WARN_UNGUARDED_AVAILABILITY = YES_AGGRESSIVE;
				CLANG_WARN_UNREACHABLE_CODE = YES;
				CLANG_WARN__DUPLICATE_METHOD_MATCH = YES;
				COPY_PHASE_STRIP = NO;
				DEBUG_INFORMATION_FORMAT = dwarf;
				ENABLE_STRICT_OBJC_MSGSEND = YES;
				ENABLE_TESTABILITY = YES;
				ENABLE_USER_SCRIPT_SANDBOXING = YES;
				GCC_C_LANGUAGE_STANDARD = gnu17;
				GCC_DYNAMIC_NO_PIC = NO;
				GCC_NO_COMMON_BLOCKS = YES;
				GCC_OPTIMIZATION_LEVEL = 0;
				GCC_PREPROCESSOR_DEFINITIONS = (
					"DEBUG=1",
					"$(inherited)",
				);
				GCC_WARN_64_TO_32_BIT_CONVERSION = YES;
				GCC_WARN_ABOUT_RETURN_TYPE = YES_ERROR;
				GCC_WARN_UNDECLARED_SELECTOR = YES;
				GCC_WARN_UNINITIALIZED_AUTOS = YES_AGGRESSIVE;
				GCC_WARN_UNUSED_FUNCTION = YES;
				GCC_WARN_UNUSED_VARIABLE = YES;
				IPHONEOS_DEPLOYMENT_TARGET = 17.0;
				LOCALIZATION_PREFERS_STRING_CATALOGS = YES;
				MTL_ENABLE_DEBUG_INFO = INCLUDE_SOURCE;
				MTL_FAST_MATH = YES;
				ONLY_ACTIVE_ARCH = YES;
				SDKROOT = iphoneos;
				SWIFT_ACTIVE_COMPILATION_CONDITIONS = "DEBUG $(inherited)";
				SWIFT_OPTIMIZATION_LEVEL = "-Onone";
			};
			name = Debug;
		};
		1B4D5B832ADD5EE200961462 /* Release */ = {
			isa = XCBuildConfiguration;
			buildSettings = {
				ALWAYS_SEARCH_USER_PATHS = NO;
				ASSETCATALOG_COMPILER_GENERATE_SWIFT_ASSET_SYMBOL_EXTENSIONS = YES;
				CLANG_ANALYZER_NONNULL = YES;
				CLANG_ANALYZER_NUMBER_OBJECT_CONVERSION = YES_AGGRESSIVE;
				CLANG_CXX_LANGUAGE_STANDARD = "gnu++20";
				CLANG_ENABLE_MODULES = YES;
				CLANG_ENABLE_OBJC_ARC = YES;
				CLANG_ENABLE_OBJC_WEAK = YES;
				CLANG_WARN_BLOCK_CAPTURE_AUTORELEASING = YES;
				CLANG_WARN_BOOL_CONVERSION = YES;
				CLANG_WARN_COMMA = YES;
				CLANG_WARN_CONSTANT_CONVERSION = YES;
				CLANG_WARN_DEPRECATED_OBJC_IMPLEMENTATIONS = YES;
				CLANG_WARN_DIRECT_OBJC_ISA_USAGE = YES_ERROR;
				CLANG_WARN_DOCUMENTATION_COMMENTS = YES;
				CLANG_WARN_EMPTY_BODY = YES;
				CLANG_WARN_ENUM_CONVERSION = YES;
				CLANG_WARN_INFINITE_RECURSION = YES;
				CLANG_WARN_INT_CONVERSION = YES;
				CLANG_WARN_NON_LITERAL_NULL_CONVERSION = YES;
				CLANG_WARN_OBJC_IMPLICIT_RETAIN_SELF = YES;
				CLANG_WARN_OBJC_LITERAL_CONVERSION = YES;
				CLANG_WARN_OBJC_ROOT_CLASS = YES_ERROR;
				CLANG_WARN_QUOTED_INCLUDE_IN_FRAMEWORK_HEADER = YES;
				CLANG_WARN_RANGE_LOOP_ANALYSIS = YES;
				CLANG_WARN_STRICT_PROTOTYPES = YES;
				CLANG_WARN_SUSPICIOUS_MOVE = YES;
				CLANG_WARN_UNGUARDED_AVAILABILITY = YES_AGGRESSIVE;
				CLANG_WARN_UNREACHABLE_CODE = YES;
				CLANG_WARN__DUPLICATE_METHOD_MATCH = YES;
				COPY_PHASE_STRIP = NO;
				DEBUG_INFORMATION_FORMAT = "dwarf-with-dsym";
				ENABLE_NS_ASSERTIONS = NO;
				ENABLE_STRICT_OBJC_MSGSEND = YES;
				ENABLE_USER_SCRIPT_SANDBOXING = YES;
				GCC_C_LANGUAGE_STANDARD = gnu17;
				GCC_NO_COMMON_BLOCKS = YES;
				GCC_WARN_64_TO_32_BIT_CONVERSION = YES;
				GCC_WARN_ABOUT_RETURN_TYPE = YES_ERROR;
				GCC_WARN_UNDECLARED_SELECTOR = YES;
				GCC_WARN_UNINITIALIZED_AUTOS = YES_AGGRESSIVE;
				GCC_WARN_UNUSED_FUNCTION = YES;
				GCC_WARN_UNUSED_VARIABLE = YES;
				IPHONEOS_DEPLOYMENT_TARGET = 17.0;
				LOCALIZATION_PREFERS_STRING_CATALOGS = YES;
				MTL_ENABLE_DEBUG_INFO = NO;
				MTL_FAST_MATH = YES;
				SDKROOT = iphoneos;
				SWIFT_COMPILATION_MODE = wholemodule;
				VALIDATE_PRODUCT = YES;
			};
			name = Release;
		};
		1B4D5B852ADD5EE200961462 /* Debug */ = {
			isa = XCBuildConfiguration;
			buildSettings = {
				ASSETCATALOG_COMPILER_APPICON_NAME = AppIcon;
				ASSETCATALOG_COMPILER_GLOBAL_ACCENT_COLOR_NAME = AccentColor;
				CODE_SIGN_STYLE = Automatic;
				CURRENT_PROJECT_VERSION = 1;
				DEVELOPMENT_ASSET_PATHS = "\"histoire/Preview Content\"";
				DEVELOPMENT_TEAM = 48CD968PJK;
				ENABLE_PREVIEWS = YES;
				GENERATE_INFOPLIST_FILE = YES;
				INFOPLIST_KEY_UIApplicationSceneManifest_Generation = YES;
				INFOPLIST_KEY_UIApplicationSupportsIndirectInputEvents = YES;
				INFOPLIST_KEY_UILaunchScreen_Generation = YES;
				INFOPLIST_KEY_UISupportedInterfaceOrientations_iPad = "UIInterfaceOrientationPortrait UIInterfaceOrientationPortraitUpsideDown UIInterfaceOrientationLandscapeLeft UIInterfaceOrientationLandscapeRight";
				INFOPLIST_KEY_UISupportedInterfaceOrientations_iPhone = "UIInterfaceOrientationPortrait UIInterfaceOrientationLandscapeLeft UIInterfaceOrientationLandscapeRight";
				LD_RUNPATH_SEARCH_PATHS = (
					"$(inherited)",
					"@executable_path/Frameworks",
				);
				MARKETING_VERSION = 1.0;
				PRODUCT_BUNDLE_IDENTIFIER = cherin.histoire;
				PRODUCT_NAME = "$(TARGET_NAME)";
				SWIFT_EMIT_LOC_STRINGS = YES;
				SWIFT_VERSION = 5.0;
				TARGETED_DEVICE_FAMILY = "1,2";
			};
			name = Debug;
		};
		1B4D5B862ADD5EE200961462 /* Release */ = {
			isa = XCBuildConfiguration;
			buildSettings = {
				ASSETCATALOG_COMPILER_APPICON_NAME = AppIcon;
				ASSETCATALOG_COMPILER_GLOBAL_ACCENT_COLOR_NAME = AccentColor;
				CODE_SIGN_STYLE = Automatic;
				CURRENT_PROJECT_VERSION = 1;
				DEVELOPMENT_ASSET_PATHS = "\"histoire/Preview Content\"";
				DEVELOPMENT_TEAM = 48CD968PJK;
				ENABLE_PREVIEWS = YES;
				GENERATE_INFOPLIST_FILE = YES;
				INFOPLIST_KEY_UIApplicationSceneManifest_Generation = YES;
				INFOPLIST_KEY_UIApplicationSupportsIndirectInputEvents = YES;
				INFOPLIST_KEY_UILaunchScreen_Generation = YES;
				INFOPLIST_KEY_UISupportedInterfaceOrientations_iPad = "UIInterfaceOrientationPortrait UIInterfaceOrientationPortraitUpsideDown UIInterfaceOrientationLandscapeLeft UIInterfaceOrientationLandscapeRight";
				INFOPLIST_KEY_UISupportedInterfaceOrientations_iPhone = "UIInterfaceOrientationPortrait UIInterfaceOrientationLandscapeLeft UIInterfaceOrientationLandscapeRight";
				LD_RUNPATH_SEARCH_PATHS = (
					"$(inherited)",
					"@executable_path/Frameworks",
				);
				MARKETING_VERSION = 1.0;
				PRODUCT_BUNDLE_IDENTIFIER = cherin.histoire;
				PRODUCT_NAME = "$(TARGET_NAME)";
				SWIFT_EMIT_LOC_STRINGS = YES;
				SWIFT_VERSION = 5.0;
				TARGETED_DEVICE_FAMILY = "1,2";
			};
			name = Release;
		};
/* End XCBuildConfiguration section */

/* Begin XCConfigurationList section */
		1B4D5B6C2ADD5EE100961462 /* Build configuration list for PBXProject "histoire" */ = {
			isa = XCConfigurationList;
			buildConfigurations = (
				1B4D5B822ADD5EE200961462 /* Debug */,
				1B4D5B832ADD5EE200961462 /* Release */,
			);
			defaultConfigurationIsVisible = 0;
			defaultConfigurationName = Release;
		};
		1B4D5B842ADD5EE200961462 /* Build configuration list for PBXNativeTarget "histoire" */ = {
			isa = XCConfigurationList;
			buildConfigurations = (
				1B4D5B852ADD5EE200961462 /* Debug */,
				1B4D5B862ADD5EE200961462 /* Release */,
			);
			defaultConfigurationIsVisible = 0;
			defaultConfigurationName = Release;
		};
/* End XCConfigurationList section */

/* Begin XCVersionGroup section */
		1B4D5B7F2ADD5EE200961462 /* histoire.xcdatamodeld */ = {
			isa = XCVersionGroup;
			children = (
				1B4D5B802ADD5EE200961462 /* histoire.xcdatamodel */,
			);
			currentVersion = 1B4D5B802ADD5EE200961462 /* histoire.xcdatamodel */;
			path = histoire.xcdatamodeld;
			sourceTree = "<group>";
			versionGroupType = wrapper.xcdatamodel;
		};
/* End XCVersionGroup section */
	};
	rootObject = 1B4D5B692ADD5EE100961462 /* Project object */;
}
